Microsoft Visual Studio Solution File, Format Version 12.00
# Visual Studio Version 17
VisualStudioVersion = 17.5.2.0
MinimumVisualStudioVersion = 10.0.40219.1
Project("{2150E333-8FDC-42A3-9474-1A3956D46DE8}") = "NDAccountManager", "NDAccountManager", "{BC09B767-9F1B-B0FA-D729-022DB153AD45}"
EndProject
Project("{FAE04EC0-301F-11D3-BF4B-00C04F79EFBC}") = "backend", "NDAccountManager\backend\backend.csproj", "{BCEAABB5-1FF7-73FF-C616-C05875500C16}"
EndProject
Global
	GlobalSection(SolutionConfigurationPlatforms) = preSolution
		Debug|Any CPU = Debug|Any CPU
		Release|Any CPU = Release|Any CPU
	EndGlobalSection
	GlobalSection(ProjectConfigurationPlatforms) = postSolution
		{BCEAABB5-1FF7-73FF-C616-C05875500C16}.Debug|Any CPU.ActiveCfg = Debug|Any CPU
		{BCEAABB5-1FF7-73FF-C616-C05875500C16}.Debug|Any CPU.Build.0 = Debug|Any CPU
		{BCEAABB5-1FF7-73FF-C616-C05875500C16}.Release|Any CPU.ActiveCfg = Release|Any CPU
		{BCEAABB5-1FF7-73FF-C616-C05875500C16}.Release|Any CPU.Build.0 = Release|Any CPU
	EndGlobalSection
	GlobalSection(SolutionProperties) = preSolution
		HideSolutionNode = FALSE
	EndGlobalSection
	GlobalSection(NestedProjects) = preSolution
		{BCEAABB5-1FF7-73FF-C616-C05875500C16} = {BC09B767-9F1B-B0FA-D729-022DB153AD45}
	EndGlobalSection
	GlobalSection(ExtensibilityGlobals) = postSolution
		SolutionGuid = {3E1BE165-A286-40D6-9809-E5F283F454BA}
	EndGlobalSection
EndGlobal
